
Microsoft Visual Studio Solution File, Format Version 12.00
# Blend for Visual Studio Version 16
VisualStudioVersion = 16.0.31515.178
MinimumVisualStudioVersion = 10.0.40219.1
Project("{9A19103F-16F7-4668-BE54-9A1E7A4F7556}") = "Test GP App", "Test GP App\Test GP App.csproj", "{E090DF27-6EAB-4AE2-A342-570C611D7422}"
EndProject
Global
	GlobalSection(SolutionConfigurationPlatforms) = preSolution
		Debug|Any CPU = Debug|Any CPU
		Release|Any CPU = Release|Any CPU
	EndGlobalSection
	GlobalSection(ProjectConfigurationPlatforms) = postSolution
		{E090DF27-6EAB-4AE2-A342-570C611D7422}.Debug|Any CPU.ActiveCfg = Debug|Any CPU
		{E090DF27-6EAB-4AE2-A342-570C611D7422}.Debug|Any CPU.Build.0 = Debug|Any CPU
		{E090DF27-6EAB-4AE2-A342-570C611D7422}.Release|Any CPU.ActiveCfg = Release|Any CPU
		{E090DF27-6EAB-4AE2-A342-570C611D7422}.Release|Any CPU.Build.0 = Release|Any CPU
	EndGlobalSection
	GlobalSection(SolutionProperties) = preSolution
		HideSolutionNode = FALSE
	EndGlobalSection
	GlobalSection(ExtensibilityGlobals) = postSolution
		SolutionGuid = {9684BB6E-88AD-48EB-923B-75477AB44E37}
	EndGlobalSection
EndGlobal
